
Microsoft Visual Studio Solution File, Format Version 12.00
# Visual Studio Version 16
VisualStudioVersion = 16.0.30309.148
MinimumVisualStudioVersion = 10.0.40219.1
Project("{FAE04EC0-301F-11D3-BF4B-00C04F79EFBC}") = "TaskTracker", "TaskTracker\TaskTracker.csproj", "{6432C2C4-02FF-42A3-90FF-A30AB6B366EB}"
EndProject
Global
	GlobalSection(SolutionConfigurationPlatforms) = preSolution
		Debug|Any CPU = Debug|Any CPU
		Release|Any CPU = Release|Any CPU
	EndGlobalSection
	GlobalSection(ProjectConfigurationPlatforms) = postSolution
		{6432C2C4-02FF-42A3-90FF-A30AB6B366EB}.Debug|Any CPU.ActiveCfg = Debug|Any CPU
		{6432C2C4-02FF-42A3-90FF-A30AB6B366EB}.Debug|Any CPU.Build.0 = Debug|Any CPU
		{6432C2C4-02FF-42A3-90FF-A30AB6B366EB}.Release|Any CPU.ActiveCfg = Release|Any CPU
		{6432C2C4-02FF-42A3-90FF-A30AB6B366EB}.Release|Any CPU.Build.0 = Release|Any CPU
	EndGlobalSection
	GlobalSection(SolutionProperties) = preSolution
		HideSolutionNode = FALSE
	EndGlobalSection
	GlobalSection(ExtensibilityGlobals) = postSolution
		SolutionGuid = {87471D39-18AE-47EB-8DE2-13D3B6F231AA}
	EndGlobalSection
EndGlobal
